
Microsoft Visual Studio Solution File, Format Version 12.00
# Visual Studio Version 17
VisualStudioVersion = 17.0.32126.317
MinimumVisualStudioVersion = 10.0.40219.1
Project("{FAE04EC0-301F-11D3-BF4B-00C04F79EFBC}") = "ContentHubLargeFileUpload", "ContentHubLargeFileUpload.csproj", "{5677D16F-8DA7-4EB6-84B8-8B316105023A}"
EndProject
Global
	GlobalSection(SolutionConfigurationPlatforms) = preSolution
		Debug|Any CPU = Debug|Any CPU
		Release|Any CPU = Release|Any CPU
	EndGlobalSection
	GlobalSection(ProjectConfigurationPlatforms) = postSolution
		{5677D16F-8DA7-4EB6-84B8-8B316105023A}.Debug|Any CPU.ActiveCfg = Debug|Any CPU
		{5677D16F-8DA7-4EB6-84B8-8B316105023A}.Debug|Any CPU.Build.0 = Debug|Any CPU
		{5677D16F-8DA7-4EB6-84B8-8B316105023A}.Release|Any CPU.ActiveCfg = Release|Any CPU
		{5677D16F-8DA7-4EB6-84B8-8B316105023A}.Release|Any CPU.Build.0 = Release|Any CPU
	EndGlobalSection
	GlobalSection(SolutionProperties) = preSolution
		HideSolutionNode = FALSE
	EndGlobalSection
	GlobalSection(ExtensibilityGlobals) = postSolution
		SolutionGuid = {BC231A0A-4E3E-4ECB-BD99-D6DB493432A0}
	EndGlobalSection
EndGlobal
